<?xml version="1.0" encoding="utf-8"?>
<Project ToolsVersion="4.0" xmlns="http://schemas.microsoft.com/developer/msbuild/2003">
  <ItemGroup>
    <Filter Include="Source Files">
      <UniqueIdentifier>{4FC737F1-C7A5-4376-A066-2A32D752A2FF}</UniqueIdentifier>
      <Extensions>cpp;c;cc;cxx;c++;cppm;ixx;def;odl;idl;hpj;bat;asm;asmx</Extensions>
    </Filter>
    <Filter Include="Header Files">
      <UniqueIdentifier>{93995380-89BD-4b04-88EB-625FBE52EBFB}</UniqueIdentifier>
      <Extensions>h;hh;hpp;hxx;h++;hm;inl;inc;ipp;xsd</Extensions>
    </Filter>
    <Filter Include="Resource Files">
      <UniqueIdentifier>{67DA6AB6-F800-4c08-8B7A-83BB121AAD01}</UniqueIdentifier>
      <Extensions>rc;ico;cur;bmp;dlg;rc2;rct;bin;rgs;gif;jpg;jpeg;jpe;resx;tiff;tif;png;wav;mfcribbon-ms</Extensions>
    </Filter>
    <Filter Include="Header Files\Game Window">
      <UniqueIdentifier>{471f704b-38da-4bd4-a914-f59a6b05128c}</UniqueIdentifier>
    </Filter>
    <Filter Include="Header Files\Textures">
      <UniqueIdentifier>{fd67b979-f413-4891-afac-3337a7f6f7f6}</UniqueIdentifier>
    </Filter>
    <Filter Include="Resource Files\Textures">
      <UniqueIdentifier>{b3ac67a4-bb43-40cd-890a-528faca12622}</UniqueIdentifier>
    </Filter>
    <Filter Include="Resource Files\Textures\Tiles">
      <UniqueIdentifier>{76cb9a3e-5fab-411b-8516-c17bdfa2cc69}</UniqueIdentifier>
    </Filter>
    <Filter Include="Header Files\Game">
      <UniqueIdentifier>{ec4cce2d-e4b0-4a76-95f1-016bb979a3fc}</UniqueIdentifier>
    </Filter>
    <Filter Include="Header Files\External">
      <UniqueIdentifier>{c2f24339-8901-40c1-b69b-cf291c21730d}</UniqueIdentifier>
    </Filter>
    <Filter Include="Header Files\Game\Tiles">
      <UniqueIdentifier>{3d53e5ad-2d66-4acf-92a4-66c8135904fe}</UniqueIdentifier>
    </Filter>
  </ItemGroup>
  <ItemGroup>
    <ClCompile Include="Main.cpp">
      <Filter>Source Files</Filter>
    </ClCompile>
  </ItemGroup>
  <ItemGroup>
    <ClInclude Include="Scripts\Includes.h">
      <Filter>Header Files</Filter>
    </ClInclude>
    <ClInclude Include="Scripts\Window\WindowManager.h">
      <Filter>Header Files\Game Window</Filter>
    </ClInclude>
    <ClInclude Include="Scripts\Window\WindowInput.h">
      <Filter>Header Files\Game Window</Filter>
    </ClInclude>
    <ClInclude Include="Scripts\Textures\TextureManager.h">
      <Filter>Header Files\Textures</Filter>
    </ClInclude>
    <ClInclude Include="Scripts\WorldGen.h">
      <Filter>Header Files\Game</Filter>
    </ClInclude>
    <ClInclude Include="Scripts\GameDraw.h">
      <Filter>Header Files\Game</Filter>
    </ClInclude>
    <ClInclude Include="Scripts\Camera.h">
      <Filter>Header Files</Filter>
    </ClInclude>
    <ClInclude Include="Scripts\Lighting.h">
      <Filter>Header Files\Game</Filter>
    </ClInclude>
    <ClInclude Include="Scripts\External\PerlinNoise.hpp">
      <Filter>Header Files\External</Filter>
    </ClInclude>
    <ClInclude Include="Scripts\TileGrid.h">
      <Filter>Header Files\Game\Tiles</Filter>
    </ClInclude>
    <ClInclude Include="Scripts\TileInteractions.h">
      <Filter>Header Files\Game\Tiles</Filter>
    </ClInclude>
    <ClInclude Include="Scripts\Entity.h">
      <Filter>Header Files</Filter>
    </ClInclude>
    <ClInclude Include="Scripts\Player.h">
      <Filter>Header Files</Filter>
    </ClInclude>
    <ClInclude Include="Scripts\TilePresets.h">
      <Filter>Header Files\Game\Tiles</Filter>
    </ClInclude>
  </ItemGroup>
  <ItemGroup>
    <Image Include="Textures\Tiles\Dirt.bmp">
      <Filter>Resource Files\Textures\Tiles</Filter>
    </Image>
    <Image Include="Textures\Tiles\Air.bmp">
      <Filter>Resource Files\Textures\Tiles</Filter>
    </Image>
    <Image Include="Textures\Tiles\Grass.bmp">
      <Filter>Resource Files\Textures\Tiles</Filter>
    </Image>
    <Image Include="Textures\Tiles\Stone.bmp">
      <Filter>Resource Files\Textures\Tiles</Filter>
    </Image>
    <Image Include="Textures\Tiles\TreeLog.bmp">
      <Filter>Resource Files\Textures\Tiles</Filter>
    </Image>
  </ItemGroup>
</Project>